
Microsoft Visual Studio Solution File, Format Version 12.00
# Visual Studio 15
VisualStudioVersion = 15.0.28010.2003
MinimumVisualStudioVersion = 10.0.40219.1
Project("{FAE04EC0-301F-11D3-BF4B-00C04F79EFBC}") = "Trabalho1", "Trabalho1\Trabalho1.csproj", "{5E5ED3BB-ED8E-42A6-9DA3-227AAF277530}"
EndProject
Global
	GlobalSection(SolutionConfigurationPlatforms) = preSolution
		Debug|Any CPU = Debug|Any CPU
		Release|Any CPU = Release|Any CPU
	EndGlobalSection
	GlobalSection(ProjectConfigurationPlatforms) = postSolution
		{5E5ED3BB-ED8E-42A6-9DA3-227AAF277530}.Debug|Any CPU.ActiveCfg = Debug|Any CPU
		{5E5ED3BB-ED8E-42A6-9DA3-227AAF277530}.Debug|Any CPU.Build.0 = Debug|Any CPU
		{5E5ED3BB-ED8E-42A6-9DA3-227AAF277530}.Release|Any CPU.ActiveCfg = Release|Any CPU
		{5E5ED3BB-ED8E-42A6-9DA3-227AAF277530}.Release|Any CPU.Build.0 = Release|Any CPU
	EndGlobalSection
	GlobalSection(SolutionProperties) = preSolution
		HideSolutionNode = FALSE
	EndGlobalSection
	GlobalSection(ExtensibilityGlobals) = postSolution
		SolutionGuid = {F1C9C74B-8745-4615-889E-F79F1AFCF2B0}
	EndGlobalSection
EndGlobal
